Microsoft Visual Studio Solution File, Format Version 11.00
# Visual Studio 2008

Project("{79784A95-1E42-8B3B-EA4A-E0E22A889816}") = "Game16", "Assembly-CSharp.csproj", "{BC9219A8-D081-1586-23DF-C46517871B88}"
EndProject
Global
	GlobalSection(SolutionConfigurationPlatforms) = preSolution
		Debug|Any CPU = Debug|Any CPU
		Release|Any CPU = Release|Any CPU
	EndGlobalSection
	GlobalSection(ProjectConfigurationPlatforms) = postSolution
		{BC9219A8-D081-1586-23DF-C46517871B88}.Debug|Any CPU.ActiveCfg = Debug|Any CPU
		{BC9219A8-D081-1586-23DF-C46517871B88}.Debug|Any CPU.Build.0 = Debug|Any CPU
		{BC9219A8-D081-1586-23DF-C46517871B88}.Release|Any CPU.ActiveCfg = Release|Any CPU
		{BC9219A8-D081-1586-23DF-C46517871B88}.Release|Any CPU.Build.0 = Release|Any CPU
	EndGlobalSection
	GlobalSection(SolutionProperties) = preSolution
		HideSolutionNode = FALSE
	EndGlobalSection
	GlobalSection(MonoDevelopProperties) = preSolution
		StartupItem = Assembly-CSharp.csproj
	EndGlobalSection
EndGlobal
